{
    "_readme": [
        "This file locks the dependencies of your project to a known state",
        "Read more about it at https://getcomposer.org/doc/01-basic-usage.md#composer-lock-the-lock-file",
        "This file is @generated automatically"
    ],
    "hash": "92c5d956af4ba67ec815d186288bfb7e",
    "content-hash": "b67bc05006150af00e65b6d58d15a8d9",
    "packages": [
        {
            "name": "eher/oauth",
            "version": "1.0.7",
            "source": {
                "type": "git",
                "url": "https://github.com/EHER/OAuth.git",
                "reference": "935c1f7709d1c1457de9e250d0e5f29cac06e507"
            },
            "dist": {
                "type": "zip",
                "url": "https://api.github.com/repos/EHER/OAuth/zipball/935c1f7709d1c1457de9e250d0e5f29cac06e507",
                "reference": "935c1f7709d1c1457de9e250d0e5f29cac06e507",
                "shasum": ""
            },
            "require": {
                "php": ">=5.3.0"
            },
            "require-dev": {
                "eher/phpunit": "1.6"
            },
            "type": "library",
            "autoload": {
                "psr-0": {
                    "Eher\\OAuth": "src"
                }
            },
            "notification-url": "https://packagist.org/downloads/",
            "license": [
                "BSD-3-Clause"
            ],
            "description": "OAuth 1 PHP Library",
            "time": "2012-12-13 23:48:10"
        },
        {
            "name": "guzzlehttp/psr7",
            "version": "1.2.2",
            "source": {
                "type": "git",
                "url": "https://github.com/guzzle/psr7.git",
                "reference": "f5d04bdd2881ac89abde1fb78cc234bce24327bb"
            },
            "dist": {
                "type": "zip",
                "url": "https://api.github.com/repos/guzzle/psr7/zipball/f5d04bdd2881ac89abde1fb78cc234bce24327bb",
                "reference": "f5d04bdd2881ac89abde1fb78cc234bce24327bb",
                "shasum": ""
            },
            "require": {
                "php": ">=5.4.0",
                "psr/http-message": "~1.0"
            },
            "provide": {
                "psr/http-message-implementation": "1.0"
            },
            "require-dev": {
                "phpunit/phpunit": "~4.0"
            },
            "type": "library",
            "extra": {
                "branch-alias": {
                    "dev-master": "1.0-dev"
                }
            },
            "autoload": {
                "psr-4": {
                    "GuzzleHttp\\Psr7\\": "src/"
                },
                "files": [
                    "src/functions_include.php"
                ]
            },
            "notification-url": "https://packagist.org/downloads/",
            "license": [
                "MIT"
            ],
            "authors": [
                {
                    "name": "Michael Dowling",
                    "email": "mtdowling@gmail.com",
                    "homepage": "https://github.com/mtdowling"
                }
            ],
            "description": "PSR-7 message implementation",
            "keywords": [
                "http",
                "message",
                "stream",
                "uri"
            ],
            "time": "2016-01-23 01:23:02"
        },
        {
            "name": "intervention/image",
            "version": "2.3.5",
            "source": {
                "type": "git",
                "url": "https://github.com/Intervention/image.git",
                "reference": "9f29360b8ab94585cb9e80cf9045abd5b85feb89"
            },
            "dist": {
                "type": "zip",
                "url": "https://api.github.com/repos/Intervention/image/zipball/9f29360b8ab94585cb9e80cf9045abd5b85feb89",
                "reference": "9f29360b8ab94585cb9e80cf9045abd5b85feb89",
                "shasum": ""
            },
            "require": {
                "ext-fileinfo": "*",
                "guzzlehttp/psr7": "~1.1",
                "php": ">=5.4.0"
            },
            "require-dev": {
                "mockery/mockery": "~0.9.2",
                "phpunit/phpunit": "3.*"
            },
            "suggest": {
                "ext-gd": "to use GD library based image processing.",
                "ext-imagick": "to use Imagick based image processing.",
                "intervention/imagecache": "Caching extension for the Intervention Image library"
            },
            "type": "library",
            "extra": {
                "branch-alias": {
                    "dev-master": "2.3-dev"
                }
            },
            "autoload": {
                "psr-4": {
                    "Intervention\\Image\\": "src/Intervention/Image"
                }
            },
            "notification-url": "https://packagist.org/downloads/",
            "license": [
                "MIT"
            ],
            "authors": [
                {
                    "name": "Oliver Vogel",
                    "email": "oliver@olivervogel.net",
                    "homepage": "http://olivervogel.net/"
                }
            ],
            "description": "Image handling and manipulation library with support for Laravel integration",
            "homepage": "http://image.intervention.io/",
            "keywords": [
                "gd",
                "image",
                "imagick",
                "laravel",
                "thumbnail",
                "watermark"
            ],
            "time": "2016-01-02 19:15:13"
        },
        {
            "name": "league/flysystem",
            "version": "dev-master",
            "source": {
                "type": "git",
                "url": "https://github.com/thephpleague/flysystem.git",
                "reference": "dc5691b9a875961822aa713b8e77fb8b4a7a6de9"
            },
            "dist": {
                "type": "zip",
                "url": "https://api.github.com/repos/thephpleague/flysystem/zipball/dc5691b9a875961822aa713b8e77fb8b4a7a6de9",
                "reference": "dc5691b9a875961822aa713b8e77fb8b4a7a6de9",
                "shasum": ""
            },
            "require": {
                "php": ">=5.4.0"
            },
            "conflict": {
                "league/flysystem-sftp": "<1.0.6"
            },
            "require-dev": {
                "ext-fileinfo": "*",
                "mockery/mockery": "~0.9",
                "phpspec/phpspec": "^2.2",
                "phpunit/phpunit": "~4.8 || ~5.0"
            },
            "suggest": {
                "ext-fileinfo": "Required for MimeType",
                "league/flysystem-aws-s3-v2": "Allows you to use S3 storage with AWS SDK v2",
                "league/flysystem-aws-s3-v3": "Allows you to use S3 storage with AWS SDK v3",
                "league/flysystem-azure": "Allows you to use Windows Azure Blob storage",
                "league/flysystem-cached-adapter": "Flysystem adapter decorator for metadata caching",
                "league/flysystem-copy": "Allows you to use Copy.com storage",
                "league/flysystem-dropbox": "Allows you to use Dropbox storage",
                "league/flysystem-eventable-filesystem": "Allows you to use EventableFilesystem",
                "league/flysystem-rackspace": "Allows you to use Rackspace Cloud Files",
                "league/flysystem-sftp": "Allows you to use SFTP server storage via phpseclib",
                "league/flysystem-webdav": "Allows you to use WebDAV storage",
                "league/flysystem-ziparchive": "Allows you to use ZipArchive adapter"
            },
            "type": "library",
            "extra": {
                "branch-alias": {
                    "dev-master": "1.1-dev"
                }
            },
            "autoload": {
                "psr-4": {
                    "League\\Flysystem\\": "src/"
                }
            },
            "notification-url": "https://packagist.org/downloads/",
            "license": [
                "MIT"
            ],
            "authors": [
                {
                    "name": "Frank de Jonge",
                    "email": "info@frenky.net"
                }
            ],
            "description": "Filesystem abstraction: Many filesystems, one API.",
            "keywords": [
                "Cloud Files",
                "WebDAV",
                "abstraction",
                "aws",
                "cloud",
                "copy.com",
                "dropbox",
                "file systems",
                "files",
                "filesystem",
                "filesystems",
                "ftp",
                "rackspace",
                "remote",
                "s3",
                "sftp",
                "storage"
            ],
            "time": "2016-01-18 20:13:57"
        },
        {
            "name": "nao-pon/copy",
            "version": "dev-pilot",
            "source": {
                "type": "git",
                "url": "https://github.com/nao-pon/php-client-library.git",
                "reference": "21be911f33f1f37f629c186052e4610fa834d2d9"
            },
            "dist": {
                "type": "zip",
                "url": "https://api.github.com/repos/nao-pon/php-client-library/zipball/21be911f33f1f37f629c186052e4610fa834d2d9",
                "reference": "21be911f33f1f37f629c186052e4610fa834d2d9",
                "shasum": ""
            },
            "require": {
                "eher/oauth": "1.0.*",
                "ext-curl": "*",
                "ext-json": "*",
                "php": ">=5.3.0"
            },
            "require-dev": {
                "jakub-onderka/php-console-highlighter": "0.*",
                "jakub-onderka/php-parallel-lint": "0.*",
                "phpunit/phpunit": "~4.2"
            },
            "type": "library",
            "autoload": {
                "psr-4": {
                    "Barracuda\\Copy\\": "src/"
                }
            },
            "notification-url": "https://packagist.org/downloads/",
            "license": [
                "MIT"
            ],
            "description": "Copy PHP library",
            "homepage": "https://github.com/nao-pon/php-client-library",
            "keywords": [
                "copy"
            ],
            "time": "2016-01-19 05:26:09"
        },
        {
            "name": "nao-pon/elfinder-flysystem-driver",
            "version": "dev-pilot",
            "source": {
                "type": "git",
                "url": "https://github.com/nao-pon/elfinder-flysystem-driver.git",
                "reference": "05d15b17e4f5378f19724acba62af57311270d97"
            },
            "dist": {
                "type": "zip",
                "url": "https://api.github.com/repos/nao-pon/elfinder-flysystem-driver/zipball/05d15b17e4f5378f19724acba62af57311270d97",
                "reference": "05d15b17e4f5378f19724acba62af57311270d97",
                "shasum": ""
            },
            "require": {
                "intervention/image": "~2.0",
                "league/flysystem": "~1.0",
                "php": ">=5.4"
            },
            "suggest": {
                "barryvdh/elfinder-builds": "~2.1",
                "league/glide": "~0.3"
            },
            "type": "library",
            "extra": {
                "branch-alias": {
                    "dev-master": "0.1-dev"
                }
            },
            "autoload": {
                "classmap": [
                    "elFinderVolumeFlysystem.php"
                ],
                "psr-4": {
                    "Barryvdh\\elFinderFlysystemDriver\\": "src/"
                }
            },
            "notification-url": "https://packagist.org/downloads/",
            "license": [
                "MIT"
            ],
            "authors": [
                {
                    "name": "Barry vd. Heuvel",
                    "email": "barryvdh@gmail.com"
                }
            ],
            "description": "A Flysystem Driver for elFinder",
            "keywords": [
                "Flysystem",
                "elfinder",
                "filesystem"
            ],
            "time": "2016-01-13 07:16:05"
        },
        {
            "name": "nao-pon/flysystem-cached-adapter",
            "version": "dev-pilot",
            "source": {
                "type": "git",
                "url": "https://github.com/nao-pon/flysystem-cached-adapter.git",
                "reference": "89ca3682fc1fa4e8b65a84b5685abbf5af0a129e"
            },
            "dist": {
                "type": "zip",
                "url": "https://api.github.com/repos/nao-pon/flysystem-cached-adapter/zipball/89ca3682fc1fa4e8b65a84b5685abbf5af0a129e",
                "reference": "89ca3682fc1fa4e8b65a84b5685abbf5af0a129e",
                "shasum": ""
            },
            "require": {
                "league/flysystem": "~1.0"
            },
            "require-dev": {
                "henrikbjorn/phpspec-code-coverage": "~1.0@dev",
                "mockery/mockery": "~0.9",
                "phpspec/phpspec": "~2.1",
                "phpunit/phpunit": "~4.1",
                "predis/predis": "~1.0",
                "tedivm/stash": "~0.12"
            },
            "type": "library",
            "autoload": {
                "psr-4": {
                    "League\\Flysystem\\Cached\\": "src/"
                }
            },
            "notification-url": "https://packagist.org/downloads/",
            "license": [
                "MIT"
            ],
            "authors": [
                {
                    "name": "frankdejonge",
                    "email": "info@frenky.net"
                }
            ],
            "description": "An adapter decorator to enable meta-data caching.",
            "time": "2015-02-09 11:33:00"
        },
        {
            "name": "nao-pon/flysystem-copy",
            "version": "dev-pilot",
            "source": {
                "type": "git",
                "url": "https://github.com/nao-pon/flysystem-copy.git",
                "reference": "b09c3afb0314064d1237cbd1f308a6a62c021cbb"
            },
            "dist": {
                "type": "zip",
                "url": "https://api.github.com/repos/nao-pon/flysystem-copy/zipball/b09c3afb0314064d1237cbd1f308a6a62c021cbb",
                "reference": "b09c3afb0314064d1237cbd1f308a6a62c021cbb",
                "shasum": ""
            },
            "require": {
                "league/flysystem": "~1.0",
                "nao-pon/copy": "dev-pilot",
                "php": ">=5.4.0"
            },
            "require-dev": {
                "mockery/mockery": "0.9.*",
                "phpunit/phpunit": "~4.0"
            },
            "type": "library",
            "extra": {
                "branch-alias": {
                    "dev-master": "1.0-dev"
                }
            },
            "autoload": {
                "psr-4": {
                    "League\\Flysystem\\Copy\\": "src/"
                }
            },
            "notification-url": "https://packagist.org/downloads/",
            "license": [
                "MIT"
            ],
            "authors": [
                {
                    "name": "Frank de Jonge",
                    "email": "info@frenky.net"
                }
            ],
            "description": "Flysystem adapter for Copy.com",
            "time": "2016-01-29 13:06:13"
        },
        {
            "name": "psr/http-message",
            "version": "1.0",
            "source": {
                "type": "git",
                "url": "https://github.com/php-fig/http-message.git",
                "reference": "85d63699f0dbedb190bbd4b0d2b9dc707ea4c298"
            },
            "dist": {
                "type": "zip",
                "url": "https://api.github.com/repos/php-fig/http-message/zipball/85d63699f0dbedb190bbd4b0d2b9dc707ea4c298",
                "reference": "85d63699f0dbedb190bbd4b0d2b9dc707ea4c298",
                "shasum": ""
            },
            "require": {
                "php": ">=5.3.0"
            },
            "type": "library",
            "extra": {
                "branch-alias": {
                    "dev-master": "1.0.x-dev"
                }
            },
            "autoload": {
                "psr-4": {
                    "Psr\\Http\\Message\\": "src/"
                }
            },
            "notification-url": "https://packagist.org/downloads/",
            "license": [
                "MIT"
            ],
            "authors": [
                {
                    "name": "PHP-FIG",
                    "homepage": "http://www.php-fig.org/"
                }
            ],
            "description": "Common interface for HTTP messages",
            "keywords": [
                "http",
                "http-message",
                "psr",
                "psr-7",
                "request",
                "response"
            ],
            "time": "2015-05-04 20:22:00"
        }
    ],
    "packages-dev": [],
    "aliases": [],
    "minimum-stability": "stable",
    "stability-flags": {
        "league/flysystem": 20,
        "nao-pon/flysystem-copy": 20,
        "nao-pon/copy": 20,
        "nao-pon/flysystem-cached-adapter": 20,
        "nao-pon/elfinder-flysystem-driver": 20
    },
    "prefer-stable": false,
    "prefer-lowest": false,
    "platform": [],
    "platform-dev": []
}
